
Microsoft Visual Studio Solution File, Format Version 9.00
# Visual Studio 2005
Project("{8BC9CEB8-8B4A-11D0-8D11-00A0C91BC942}") = "ObjectMarker", "ObjectMarker\ObjectMarker.vcproj", "{477B7525-E109-44E9-BF4E-7F5733C16457}"
EndProject
Global
	GlobalSection(SolutionConfigurationPlatforms) = preSolution
		Debug|Win32 = Debug|Win32
		Release|Win32 = Release|Win32
	EndGlobalSection
	GlobalSection(ProjectConfigurationPlatforms) = postSolution
		{477B7525-E109-44E9-BF4E-7F5733C16457}.Debug|Win32.ActiveCfg = Debug|Win32
		{477B7525-E109-44E9-BF4E-7F5733C16457}.Debug|Win32.Build.0 = Debug|Win32
		{477B7525-E109-44E9-BF4E-7F5733C16457}.Release|Win32.ActiveCfg = Release|Win32
		{477B7525-E109-44E9-BF4E-7F5733C16457}.Release|Win32.Build.0 = Release|Win32
	EndGlobalSection
	GlobalSection(SolutionProperties) = preSolution
		HideSolutionNode = FALSE
	EndGlobalSection
EndGlobal
